// !$*UTF8*$!
{
	archiveVersion = 1;
	classes = {
	};
	objectVersion = 60;
	objects = {

/* Begin PBXBuildFile section */
		A0000001000000010000000A /* HomeCookedApp.swift in Sources */ = {isa = PBXBuildFile; fileRef = A0000001000000010000000B /* HomeCookedApp.swift */; };
		A0000002000000010000000A /* ContentView.swift in Sources */ = {isa = PBXBuildFile; fileRef = A0000002000000010000000B /* ContentView.swift */; };
		A0000003000000010000000A /* BoardsListView.swift in Sources */ = {isa = PBXBuildFile; fileRef = A0000003000000010000000B /* BoardsListView.swift */; };
		A0000004000000010000000A /* BoardDetailView.swift in Sources */ = {isa = PBXBuildFile; fileRef = A0000004000000010000000B /* BoardDetailView.swift */; };
		A0000005000000010000000A /* ColumnView.swift in Sources */ = {isa = PBXBuildFile; fileRef = A0000005000000010000000B /* ColumnView.swift */; };
		A0000006000000010000000A /* ShareButton.swift in Sources */ = {isa = PBXBuildFile; fileRef = A0000006000000010000000B /* ShareButton.swift */; };
		A0000007000000010000000A /* ShareViewModel.swift in Sources */ = {isa = PBXBuildFile; fileRef = A0000007000000010000000B /* ShareViewModel.swift */; };
		A0000008000000010000000A /* CardDetailView.swift in Sources */ = {isa = PBXBuildFile; fileRef = A0000008000000010000000B /* CardDetailView.swift */; };
		A0000009000000010000000A /* DragDropHandler.swift in Sources */ = {isa = PBXBuildFile; fileRef = A0000009000000010000000B /* DragDropHandler.swift */; };
		A000000A000000010000000A /* SyncStatusView.swift in Sources */ = {isa = PBXBuildFile; fileRef = A000000A000000010000000B /* SyncStatusView.swift */; };
		A000000B000000010000000A /* AppDependencyContainer.swift in Sources */ = {isa = PBXBuildFile; fileRef = A000000B000000010000000B /* AppDependencyContainer.swift */; };
		A000000C000000010000000A /* GRDBRepositoryProvider.swift in Sources */ = {isa = PBXBuildFile; fileRef = A000000C000000010000000B /* GRDBRepositoryProvider.swift */; };
		A000000D000000010000000A /* RepositoryProvider.swift in Sources */ = {isa = PBXBuildFile; fileRef = A000000D000000010000000B /* RepositoryProvider.swift */; };
		A000000E000000010000000A /* AddCardIntent.swift in Sources */ = {isa = PBXBuildFile; fileRef = A000000E000000010000000B /* AddCardIntent.swift */; };
		A000000F000000010000000A /* AddListItemIntent.swift in Sources */ = {isa = PBXBuildFile; fileRef = A000000F000000010000000B /* AddListItemIntent.swift */; };
		A0000010000000010000000A /* IntentsProvider.swift in Sources */ = {isa = PBXBuildFile; fileRef = A0000010000000010000000B /* IntentsProvider.swift */; };
		A0000011000000010000000A /* SwiftDataBoardsRepository.swift in Sources */ = {isa = PBXBuildFile; fileRef = A0000011000000010000000B /* SwiftDataBoardsRepository.swift */; };
		A0000012000000010000000A /* SwiftDataListsRepository.swift in Sources */ = {isa = PBXBuildFile; fileRef = A0000012000000010000000B /* SwiftDataListsRepository.swift */; };
		A0000013000000010000000A /* SwiftDataModels.swift in Sources */ = {isa = PBXBuildFile; fileRef = A0000013000000010000000B /* SwiftDataModels.swift */; };
		A0000014000000010000000A /* Assets.xcassets in Resources */ = {isa = PBXBuildFile; fileRef = A0000014000000010000000B /* Assets.xcassets */; };
		A0000015000000010000000A /* Domain in Frameworks */ = {isa = PBXBuildFile; productRef = A0000015000000010000000B /* Domain */; };
		A0000016000000010000000A /* UseCases in Frameworks */ = {isa = PBXBuildFile; productRef = A0000016000000010000000B /* UseCases */; };
		A0000017000000010000000A /* PersistenceInterfaces in Frameworks */ = {isa = PBXBuildFile; productRef = A0000017000000010000000B /* PersistenceInterfaces */; };
		A0000018000000010000000A /* PersistenceGRDB in Frameworks */ = {isa = PBXBuildFile; productRef = A0000018000000010000000B /* PersistenceGRDB */; };
		A0000019000000010000000A /* ImportExport in Frameworks */ = {isa = PBXBuildFile; productRef = A0000019000000010000000B /* ImportExport */; };
		A000001A000000010000000A /* SyncInterfaces in Frameworks */ = {isa = PBXBuildFile; productRef = A000001A000000010000000B /* SyncInterfaces */; };
		A000001B000000010000000A /* SyncCloudKit in Frameworks */ = {isa = PBXBuildFile; productRef = A000001B000000010000000B /* SyncCloudKit */; };
/* End PBXBuildFile section */

/* Begin PBXFileReference section */
		A0000001000000010000000B /* HomeCookedApp.swift */ = {isa = PBXFileReference; lastKnownFileType = sourcecode.swift; path = HomeCookedApp.swift; sourceTree = "<group>"; };
		A0000002000000010000000B /* ContentView.swift */ = {isa = PBXFileReference; lastKnownFileType = sourcecode.swift; path = ContentView.swift; sourceTree = "<group>"; };
		A0000003000000010000000B /* BoardsListView.swift */ = {isa = PBXFileReference; lastKnownFileType = sourcecode.swift; path = BoardsListView.swift; sourceTree = "<group>"; };
		A0000004000000010000000B /* BoardDetailView.swift */ = {isa = PBXFileReference; lastKnownFileType = sourcecode.swift; path = BoardDetailView.swift; sourceTree = "<group>"; };
		A0000005000000010000000B /* ColumnView.swift */ = {isa = PBXFileReference; lastKnownFileType = sourcecode.swift; path = ColumnView.swift; sourceTree = "<group>"; };
		A0000006000000010000000B /* ShareButton.swift */ = {isa = PBXFileReference; lastKnownFileType = sourcecode.swift; path = ShareButton.swift; sourceTree = "<group>"; };
		A0000007000000010000000B /* ShareViewModel.swift */ = {isa = PBXFileReference; lastKnownFileType = sourcecode.swift; path = ShareViewModel.swift; sourceTree = "<group>"; };
		A0000008000000010000000B /* CardDetailView.swift */ = {isa = PBXFileReference; lastKnownFileType = sourcecode.swift; path = CardDetailView.swift; sourceTree = "<group>"; };
		A0000009000000010000000B /* DragDropHandler.swift */ = {isa = PBXFileReference; lastKnownFileType = sourcecode.swift; path = DragDropHandler.swift; sourceTree = "<group>"; };
		A000000A000000010000000B /* SyncStatusView.swift */ = {isa = PBXFileReference; lastKnownFileType = sourcecode.swift; path = SyncStatusView.swift; sourceTree = "<group>"; };
		A000000B000000010000000B /* AppDependencyContainer.swift */ = {isa = PBXFileReference; lastKnownFileType = sourcecode.swift; path = AppDependencyContainer.swift; sourceTree = "<group>"; };
		A000000C000000010000000B /* GRDBRepositoryProvider.swift */ = {isa = PBXFileReference; lastKnownFileType = sourcecode.swift; path = GRDBRepositoryProvider.swift; sourceTree = "<group>"; };
		A000000D000000010000000B /* RepositoryProvider.swift */ = {isa = PBXFileReference; lastKnownFileType = sourcecode.swift; path = RepositoryProvider.swift; sourceTree = "<group>"; };
		A000000E000000010000000B /* AddCardIntent.swift */ = {isa = PBXFileReference; lastKnownFileType = sourcecode.swift; path = AddCardIntent.swift; sourceTree = "<group>"; };
		A000000F000000010000000B /* AddListItemIntent.swift */ = {isa = PBXFileReference; lastKnownFileType = sourcecode.swift; path = AddListItemIntent.swift; sourceTree = "<group>"; };
		A0000010000000010000000B /* IntentsProvider.swift */ = {isa = PBXFileReference; lastKnownFileType = sourcecode.swift; path = IntentsProvider.swift; sourceTree = "<group>"; };
		A0000011000000010000000B /* SwiftDataBoardsRepository.swift */ = {isa = PBXFileReference; lastKnownFileType = sourcecode.swift; path = SwiftDataBoardsRepository.swift; sourceTree = "<group>"; };
		A0000012000000010000000B /* SwiftDataListsRepository.swift */ = {isa = PBXFileReference; lastKnownFileType = sourcecode.swift; path = SwiftDataListsRepository.swift; sourceTree = "<group>"; };
		A0000013000000010000000B /* SwiftDataModels.swift */ = {isa = PBXFileReference; lastKnownFileType = sourcecode.swift; path = SwiftDataModels.swift; sourceTree = "<group>"; };
		A0000014000000010000000B /* Assets.xcassets */ = {isa = PBXFileReference; lastKnownFileType = folder.assetcatalog; path = Assets.xcassets; sourceTree = "<group>"; };
		A0000020000000010000000B /* Info.plist */ = {isa = PBXFileReference; lastKnownFileType = text.plist.xml; path = Info.plist; sourceTree = "<group>"; };
		A0000030000000010000000B /* HomeCooked.app */ = {isa = PBXFileReference; explicitFileType = wrapper.application; includeInIndex = 0; path = HomeCooked.app; sourceTree = BUILT_PRODUCTS_DIR; };
/* End PBXFileReference section */

/* Begin PBXFrameworksBuildPhase section */
		A0000040000000010000000A /* Frameworks */ = {
			isa = PBXFrameworksBuildPhase;
			buildActionMask = 2147483647;
			files = (
				A0000015000000010000000A /* Domain in Frameworks */,
				A0000016000000010000000A /* UseCases in Frameworks */,
				A0000017000000010000000A /* PersistenceInterfaces in Frameworks */,
				A0000018000000010000000A /* PersistenceGRDB in Frameworks */,
				A0000019000000010000000A /* ImportExport in Frameworks */,
				A000001A000000010000000A /* SyncInterfaces in Frameworks */,
				A000001B000000010000000A /* SyncCloudKit in Frameworks */,
			);
			runOnlyForDeploymentPostprocessing = 0;
		};
/* End PBXFrameworksBuildPhase section */

/* Begin PBXGroup section */
		A0000050000000010000000B /* HomeCooked */ = {
			isa = PBXGroup;
			children = (
				A0000020000000010000000B /* Info.plist */,
				A0000001000000010000000B /* HomeCookedApp.swift */,
				A0000051000000010000000B /* UI */,
				A0000052000000010000000B /* DI */,
				A0000053000000010000000B /* Intents */,
				A0000054000000010000000B /* PersistenceSwiftData */,
				A0000055000000010000000B /* Resources */,
			);
			name = HomeCooked;
			path = App;
			sourceTree = "<group>";
		};
		A0000051000000010000000B /* UI */ = {
			isa = PBXGroup;
			children = (
				A0000002000000010000000B /* ContentView.swift */,
				A0000056000000010000000B /* Boards */,
				A0000057000000010000000B /* BoardDetail */,
				A0000058000000010000000B /* CardDetail */,
				A0000059000000010000000B /* Components */,
				A000005A000000010000000B /* Settings */,
			);
			path = UI;
			sourceTree = "<group>";
		};
		A0000052000000010000000B /* DI */ = {
			isa = PBXGroup;
			children = (
				A000000B000000010000000B /* AppDependencyContainer.swift */,
				A000000C000000010000000B /* GRDBRepositoryProvider.swift */,
				A000000D000000010000000B /* RepositoryProvider.swift */,
			);
			path = DI;
			sourceTree = "<group>";
		};
		A0000053000000010000000B /* Intents */ = {
			isa = PBXGroup;
			children = (
				A000000E000000010000000B /* AddCardIntent.swift */,
				A000000F000000010000000B /* AddListItemIntent.swift */,
				A0000010000000010000000B /* IntentsProvider.swift */,
			);
			path = Intents;
			sourceTree = "<group>";
		};
		A0000054000000010000000B /* PersistenceSwiftData */ = {
			isa = PBXGroup;
			children = (
				A0000011000000010000000B /* SwiftDataBoardsRepository.swift */,
				A0000012000000010000000B /* SwiftDataListsRepository.swift */,
				A0000013000000010000000B /* SwiftDataModels.swift */,
			);
			path = PersistenceSwiftData/Sources/PersistenceSwiftData;
			sourceTree = "<group>";
		};
		A0000055000000010000000B /* Resources */ = {
			isa = PBXGroup;
			children = (
				A0000014000000010000000B /* Assets.xcassets */,
			);
			path = Resources;
			sourceTree = "<group>";
		};
		A0000056000000010000000B /* Boards */ = {
			isa = PBXGroup;
			children = (
				A0000003000000010000000B /* BoardsListView.swift */,
			);
			path = Boards;
			sourceTree = "<group>";
		};
		A0000057000000010000000B /* BoardDetail */ = {
			isa = PBXGroup;
			children = (
				A0000004000000010000000B /* BoardDetailView.swift */,
				A0000005000000010000000B /* ColumnView.swift */,
				A000005B000000010000000B /* Share */,
			);
			path = BoardDetail;
			sourceTree = "<group>";
		};
		A0000058000000010000000B /* CardDetail */ = {
			isa = PBXGroup;
			children = (
				A0000008000000010000000B /* CardDetailView.swift */,
			);
			path = CardDetail;
			sourceTree = "<group>";
		};
		A0000059000000010000000B /* Components */ = {
			isa = PBXGroup;
			children = (
				A0000009000000010000000B /* DragDropHandler.swift */,
			);
			path = Components;
			sourceTree = "<group>";
		};
		A000005A000000010000000B /* Settings */ = {
			isa = PBXGroup;
			children = (
				A000000A000000010000000B /* SyncStatusView.swift */,
			);
			path = Settings;
			sourceTree = "<group>";
		};
		A000005B000000010000000B /* Share */ = {
			isa = PBXGroup;
			children = (
				A0000006000000010000000B /* ShareButton.swift */,
				A0000007000000010000000B /* ShareViewModel.swift */,
			);
			path = Share;
			sourceTree = "<group>";
		};
		A0000060000000010000000B /* Products */ = {
			isa = PBXGroup;
			children = (
				A0000030000000010000000B /* HomeCooked.app */,
			);
			name = Products;
			sourceTree = "<group>";
		};
		A0000070000000010000000B = {
			isa = PBXGroup;
			children = (
				A0000050000000010000000B /* HomeCooked */,
				A0000060000000010000000B /* Products */,
			);
			sourceTree = "<group>";
		};
/* End PBXGroup section */

/* Begin PBXNativeTarget section */
		A0000080000000010000000B /* HomeCooked */ = {
			isa = PBXNativeTarget;
			buildConfigurationList = A0000081000000010000000B /* Build configuration list for PBXNativeTarget "HomeCooked" */;
			buildPhases = (
				A0000082000000010000000A /* Sources */,
				A0000040000000010000000A /* Frameworks */,
				A0000083000000010000000A /* Resources */,
			);
			buildRules = (
			);
			dependencies = (
			);
			name = HomeCooked;
			packageProductDependencies = (
				A0000015000000010000000B /* Domain */,
				A0000016000000010000000B /* UseCases */,
				A0000017000000010000000B /* PersistenceInterfaces */,
				A0000018000000010000000B /* PersistenceGRDB */,
				A0000019000000010000000B /* ImportExport */,
				A000001A000000010000000B /* SyncInterfaces */,
				A000001B000000010000000B /* SyncCloudKit */,
			);
			productName = HomeCooked;
			productReference = A0000030000000010000000B /* HomeCooked.app */;
			productType = "com.apple.product-type.application";
		};
/* End PBXNativeTarget section */

/* Begin PBXProject section */
		A0000090000000010000000B /* Project object */ = {
			isa = PBXProject;
			attributes = {
				BuildIndependentTargetsInParallel = 1;
				LastSwiftUpdateCheck = 1600;
				LastUpgradeCheck = 1600;
				TargetAttributes = {
					A0000080000000010000000B = {
						CreatedOnToolsVersion = 16.0;
					};
				};
			};
			buildConfigurationList = A0000091000000010000000B /* Build configuration list for PBXProject "HomeCooked" */;
			compatibilityVersion = "Xcode 15.0";
			developmentRegion = en;
			hasScannedForEncodings = 0;
			knownRegions = (
				en,
				Base,
			);
			mainGroup = A0000070000000010000000B;
			packageReferences = (
			);
			productRefGroup = A0000060000000010000000B /* Products */;
			projectDirPath = "";
			projectRoot = "";
			targets = (
				A0000080000000010000000B /* HomeCooked */,
			);
		};
/* End PBXProject section */

/* Begin PBXResourcesBuildPhase section */
		A0000083000000010000000A /* Resources */ = {
			isa = PBXResourcesBuildPhase;
			buildActionMask = 2147483647;
			files = (
				A0000014000000010000000A /* Assets.xcassets in Resources */,
			);
			runOnlyForDeploymentPostprocessing = 0;
		};
/* End PBXResourcesBuildPhase section */

/* Begin PBXSourcesBuildPhase section */
		A0000082000000010000000A /* Sources */ = {
			isa = PBXSourcesBuildPhase;
			buildActionMask = 2147483647;
			files = (
				A0000001000000010000000A /* HomeCookedApp.swift in Sources */,
				A0000002000000010000000A /* ContentView.swift in Sources */,
				A0000003000000010000000A /* BoardsListView.swift in Sources */,
				A0000004000000010000000A /* BoardDetailView.swift in Sources */,
				A0000005000000010000000A /* ColumnView.swift in Sources */,
				A0000006000000010000000A /* ShareButton.swift in Sources */,
				A0000007000000010000000A /* ShareViewModel.swift in Sources */,
				A0000008000000010000000A /* CardDetailView.swift in Sources */,
				A0000009000000010000000A /* DragDropHandler.swift in Sources */,
				A000000A000000010000000A /* SyncStatusView.swift in Sources */,
				A000000B000000010000000A /* AppDependencyContainer.swift in Sources */,
				A000000C000000010000000A /* GRDBRepositoryProvider.swift in Sources */,
				A000000D000000010000000A /* RepositoryProvider.swift in Sources */,
				A000000E000000010000000A /* AddCardIntent.swift in Sources */,
				A000000F000000010000000A /* AddListItemIntent.swift in Sources */,
				A0000010000000010000000A /* IntentsProvider.swift in Sources */,
				A0000011000000010000000A /* SwiftDataBoardsRepository.swift in Sources */,
				A0000012000000010000000A /* SwiftDataListsRepository.swift in Sources */,
				A0000013000000010000000A /* SwiftDataModels.swift in Sources */,
			);
			runOnlyForDeploymentPostprocessing = 0;
		};
/* End PBXSourcesBuildPhase section */

/* Begin XCBuildConfiguration section */
		A00000A0000000010000000B /* Debug */ = {
			isa = XCBuildConfiguration;
			buildSettings = {
				ALWAYS_SEARCH_USER_PATHS = NO;
				ASSETCATALOG_COMPILER_GENERATE_SWIFT_ASSET_SYMBOL_EXTENSIONS = YES;
				CLANG_ANALYZER_NONNULL = YES;
				CLANG_ANALYZER_NUMBER_OBJECT_CONVERSION = YES_AGGRESSIVE;
				CLANG_CXX_LANGUAGE_STANDARD = "gnu++20";
				CLANG_ENABLE_MODULES = YES;
				CLANG_ENABLE_OBJC_ARC = YES;
				CLANG_ENABLE_OBJC_WEAK = YES;
				CLANG_WARN_BLOCK_CAPTURE_AUTORELEASING = YES;
				CLANG_WARN_BOOL_CONVERSION = YES;
				CLANG_WARN_COMMA = YES;
				CLANG_WARN_CONSTANT_CONVERSION = YES;
				CLANG_WARN_DEPRECATED_OBJC_IMPLEMENTATIONS = YES;
				CLANG_WARN_DIRECT_OBJC_ISA_USAGE = YES_ERROR;
				CLANG_WARN_DOCUMENTATION_COMMENTS = YES;
				CLANG_WARN_EMPTY_BODY = YES;
				CLANG_WARN_ENUM_CONVERSION = YES;
				CLANG_WARN_INFINITE_RECURSION = YES;
				CLANG_WARN_INT_CONVERSION = YES;
				CLANG_WARN_NON_LITERAL_NULL_CONVERSION = YES;
				CLANG_WARN_OBJC_IMPLICIT_RETAIN_SELF = YES;
				CLANG_WARN_OBJC_LITERAL_CONVERSION = YES;
				CLANG_WARN_OBJC_ROOT_CLASS = YES_ERROR;
				CLANG_WARN_QUOTED_INCLUDE_IN_FRAMEWORK_HEADER = YES;
				CLANG_WARN_RANGE_LOOP_ANALYSIS = YES;
				CLANG_WARN_STRICT_PROTOTYPES = YES;
				CLANG_WARN_SUSPICIOUS_MOVE = YES;
				CLANG_WARN_UNGUARDED_AVAILABILITY = YES_AGGRESSIVE;
				CLANG_WARN_UNREACHABLE_CODE = YES;
				CLANG_WARN__DUPLICATE_METHOD_MATCH = YES;
				COPY_PHASE_STRIP = NO;
				DEBUG_INFORMATION_FORMAT = dwarf;
				ENABLE_STRICT_OBJC_MSGSEND = YES;
				ENABLE_TESTABILITY = YES;
				ENABLE_USER_SCRIPT_SANDBOXING = YES;
				GCC_C_LANGUAGE_STANDARD = gnu17;
				GCC_DYNAMIC_NO_PIC = NO;
				GCC_NO_COMMON_BLOCKS = YES;
				GCC_OPTIMIZATION_LEVEL = 0;
				GCC_PREPROCESSOR_DEFINITIONS = (
					"DEBUG=1",
					"$(inherited)",
				);
				GCC_WARN_64_TO_32_BIT_CONVERSION = YES;
				GCC_WARN_ABOUT_RETURN_TYPE = YES_ERROR;
				GCC_WARN_UNDECLARED_SELECTOR = YES;
				GCC_WARN_UNINITIALIZED_AUTOS = YES_AGGRESSIVE;
				GCC_WARN_UNUSED_FUNCTION = YES;
				GCC_WARN_UNUSED_VARIABLE = YES;
				IPHONEOS_DEPLOYMENT_TARGET = 16.0;
				LOCALIZATION_PREFERS_STRING_CATALOGS = YES;
				MTL_ENABLE_DEBUG_INFO = INCLUDE_SOURCE;
				MTL_FAST_MATH = YES;
				ONLY_ACTIVE_ARCH = YES;
				SDKROOT = iphoneos;
				SWIFT_ACTIVE_COMPILATION_CONDITIONS = "DEBUG $(inherited)";
				SWIFT_OPTIMIZATION_LEVEL = "-Onone";
				SWIFT_VERSION = 6.0;
			};
			name = Debug;
		};
		A00000A1000000010000000B /* Release */ = {
			isa = XCBuildConfiguration;
			buildSettings = {
				ALWAYS_SEARCH_USER_PATHS = NO;
				ASSETCATALOG_COMPILER_GENERATE_SWIFT_ASSET_SYMBOL_EXTENSIONS = YES;
				CLANG_ANALYZER_NONNULL = YES;
				CLANG_ANALYZER_NUMBER_OBJECT_CONVERSION = YES_AGGRESSIVE;
				CLANG_CXX_LANGUAGE_STANDARD = "gnu++20";
				CLANG_ENABLE_MODULES = YES;
				CLANG_ENABLE_OBJC_ARC = YES;
				CLANG_ENABLE_OBJC_WEAK = YES;
				CLANG_WARN_BLOCK_CAPTURE_AUTORELEASING = YES;
				CLANG_WARN_BOOL_CONVERSION = YES;
				CLANG_WARN_COMMA = YES;
				CLANG_WARN_CONSTANT_CONVERSION = YES;
				CLANG_WARN_DEPRECATED_OBJC_IMPLEMENTATIONS = YES;
				CLANG_WARN_DIRECT_OBJC_ISA_USAGE = YES_ERROR;
				CLANG_WARN_DOCUMENTATION_COMMENTS = YES;
				CLANG_WARN_EMPTY_BODY = YES;
				CLANG_WARN_ENUM_CONVERSION = YES;
				CLANG_WARN_INFINITE_RECURSION = YES;
				CLANG_WARN_INT_CONVERSION = YES;
				CLANG_WARN_NON_LITERAL_NULL_CONVERSION = YES;
				CLANG_WARN_OBJC_IMPLICIT_RETAIN_SELF = YES;
				CLANG_WARN_OBJC_LITERAL_CONVERSION = YES;
				CLANG_WARN_OBJC_ROOT_CLASS = YES_ERROR;
				CLANG_WARN_QUOTED_INCLUDE_IN_FRAMEWORK_HEADER = YES;
				CLANG_WARN_RANGE_LOOP_ANALYSIS = YES;
				CLANG_WARN_STRICT_PROTOTYPES = YES;
				CLANG_WARN_SUSPICIOUS_MOVE = YES;
				CLANG_WARN_UNGUARDED_AVAILABILITY = YES_AGGRESSIVE;
				CLANG_WARN_UNREACHABLE_CODE = YES;
				CLANG_WARN__DUPLICATE_METHOD_MATCH = YES;
				COPY_PHASE_STRIP = NO;
				DEBUG_INFORMATION_FORMAT = "dwarf-with-dsym";
				ENABLE_NS_ASSERTIONS = NO;
				ENABLE_STRICT_OBJC_MSGSEND = YES;
				ENABLE_USER_SCRIPT_SANDBOXING = YES;
				GCC_C_LANGUAGE_STANDARD = gnu17;
				GCC_NO_COMMON_BLOCKS = YES;
				GCC_WARN_64_TO_32_BIT_CONVERSION = YES;
				GCC_WARN_ABOUT_RETURN_TYPE = YES_ERROR;
				GCC_WARN_UNDECLARED_SELECTOR = YES;
				GCC_WARN_UNINITIALIZED_AUTOS = YES_AGGRESSIVE;
				GCC_WARN_UNUSED_FUNCTION = YES;
				GCC_WARN_UNUSED_VARIABLE = YES;
				IPHONEOS_DEPLOYMENT_TARGET = 16.0;
				LOCALIZATION_PREFERS_STRING_CATALOGS = YES;
				MTL_ENABLE_DEBUG_INFO = NO;
				MTL_FAST_MATH = YES;
				SDKROOT = iphoneos;
				SWIFT_COMPILATION_MODE = wholemodule;
				SWIFT_VERSION = 6.0;
				VALIDATE_PRODUCT = YES;
			};
			name = Release;
		};
		A00000A2000000010000000B /* Debug */ = {
			isa = XCBuildConfiguration;
			buildSettings = {
				ASSETCATALOG_COMPILER_APPICON_NAME = AppIcon;
				ASSETCATALOG_COMPILER_GLOBAL_ACCENT_COLOR_NAME = AccentColor;
				CODE_SIGN_STYLE = Automatic;
				CURRENT_PROJECT_VERSION = 1;
				DEVELOPMENT_TEAM = "";
				ENABLE_PREVIEWS = YES;
				GENERATE_INFOPLIST_FILE = NO;
				INFOPLIST_FILE = App/Info.plist;
				INFOPLIST_KEY_UIApplicationSceneManifest_Generation = YES;
				INFOPLIST_KEY_UIApplicationSupportsIndirectInputEvents = YES;
				INFOPLIST_KEY_UILaunchScreen_Generation = YES;
				INFOPLIST_KEY_UISupportedInterfaceOrientations = UIInterfaceOrientationPortrait;
				INFOPLIST_KEY_UISupportedInterfaceOrientations_iPad = "UIInterfaceOrientationLandscapeLeft UIInterfaceOrientationLandscapeRight UIInterfaceOrientationPortrait UIInterfaceOrientationPortraitUpsideDown";
				IPHONEOS_DEPLOYMENT_TARGET = 16.0;
				LD_RUNPATH_SEARCH_PATHS = (
					"$(inherited)",
					"@executable_path/Frameworks",
				);
				MARKETING_VERSION = 1.0;
				PRODUCT_BUNDLE_IDENTIFIER = com.homecooked.app;
				PRODUCT_NAME = "$(TARGET_NAME)";
				SUPPORTED_PLATFORMS = "iphoneos iphonesimulator";
				SUPPORTS_MACCATALYST = NO;
				SUPPORTS_MAC_DESIGNED_FOR_IPHONE_IPAD = NO;
				SUPPORTS_XR_DESIGNED_FOR_IPHONE_IPAD = NO;
				SWIFT_EMIT_LOC_STRINGS = YES;
				SWIFT_STRICT_CONCURRENCY = complete;
				SWIFT_VERSION = 6.0;
				TARGETED_DEVICE_FAMILY = "1,2";
			};
			name = Debug;
		};
		A00000A3000000010000000B /* Release */ = {
			isa = XCBuildConfiguration;
			buildSettings = {
				ASSETCATALOG_COMPILER_APPICON_NAME = AppIcon;
				ASSETCATALOG_COMPILER_GLOBAL_ACCENT_COLOR_NAME = AccentColor;
				CODE_SIGN_STYLE = Automatic;
				CURRENT_PROJECT_VERSION = 1;
				DEVELOPMENT_TEAM = "";
				ENABLE_PREVIEWS = YES;
				GENERATE_INFOPLIST_FILE = NO;
				INFOPLIST_FILE = App/Info.plist;
				INFOPLIST_KEY_UIApplicationSceneManifest_Generation = YES;
				INFOPLIST_KEY_UIApplicationSupportsIndirectInputEvents = YES;
				INFOPLIST_KEY_UILaunchScreen_Generation = YES;
				INFOPLIST_KEY_UISupportedInterfaceOrientations = UIInterfaceOrientationPortrait;
				INFOPLIST_KEY_UISupportedInterfaceOrientations_iPad = "UIInterfaceOrientationLandscapeLeft UIInterfaceOrientationLandscapeRight UIInterfaceOrientationPortrait UIInterfaceOrientationPortraitUpsideDown";
				IPHONEOS_DEPLOYMENT_TARGET = 16.0;
				LD_RUNPATH_SEARCH_PATHS = (
					"$(inherited)",
					"@executable_path/Frameworks",
				);
				MARKETING_VERSION = 1.0;
				PRODUCT_BUNDLE_IDENTIFIER = com.homecooked.app;
				PRODUCT_NAME = "$(TARGET_NAME)";
				SUPPORTED_PLATFORMS = "iphoneos iphonesimulator";
				SUPPORTS_MACCATALYST = NO;
				SUPPORTS_MAC_DESIGNED_FOR_IPHONE_IPAD = NO;
				SUPPORTS_XR_DESIGNED_FOR_IPHONE_IPAD = NO;
				SWIFT_EMIT_LOC_STRINGS = YES;
				SWIFT_STRICT_CONCURRENCY = complete;
				SWIFT_VERSION = 6.0;
				TARGETED_DEVICE_FAMILY = "1,2";
			};
			name = Release;
		};
/* End XCBuildConfiguration section */

/* Begin XCConfigurationList section */
		A0000081000000010000000B /* Build configuration list for PBXNativeTarget "HomeCooked" */ = {
			isa = XCConfigurationList;
			buildConfigurations = (
				A00000A2000000010000000B /* Debug */,
				A00000A3000000010000000B /* Release */,
			);
			defaultConfigurationIsVisible = 0;
			defaultConfigurationName = Release;
		};
		A0000091000000010000000B /* Build configuration list for PBXProject "HomeCooked" */ = {
			isa = XCConfigurationList;
			buildConfigurations = (
				A00000A0000000010000000B /* Debug */,
				A00000A1000000010000000B /* Release */,
			);
			defaultConfigurationIsVisible = 0;
			defaultConfigurationName = Release;
		};
/* End XCConfigurationList section */

/* Begin XCSwiftPackageProductDependency section */
		A0000015000000010000000B /* Domain */ = {
			isa = XCSwiftPackageProductDependency;
			productName = Domain;
		};
		A0000016000000010000000B /* UseCases */ = {
			isa = XCSwiftPackageProductDependency;
			productName = UseCases;
		};
		A0000017000000010000000B /* PersistenceInterfaces */ = {
			isa = XCSwiftPackageProductDependency;
			productName = PersistenceInterfaces;
		};
		A0000018000000010000000B /* PersistenceGRDB */ = {
			isa = XCSwiftPackageProductDependency;
			productName = PersistenceGRDB;
		};
		A0000019000000010000000B /* ImportExport */ = {
			isa = XCSwiftPackageProductDependency;
			productName = ImportExport;
		};
		A000001A000000010000000B /* SyncInterfaces */ = {
			isa = XCSwiftPackageProductDependency;
			productName = SyncInterfaces;
		};
		A000001B000000010000000B /* SyncCloudKit */ = {
			isa = XCSwiftPackageProductDependency;
			productName = SyncCloudKit;
		};
/* End XCSwiftPackageProductDependency section */
	};
	rootObject = A0000090000000010000000B /* Project object */;
}
